{
    "_readme": [
        "This file locks the dependencies of your project to a known state",
        "Read more about it at https://getcomposer.org/doc/01-basic-usage.md#installing-dependencies",
        "This file is @generated automatically"
    ],
    "content-hash": "f096f12c259fbbc6596097e653269d43",
    "packages": [],
    "packages-dev": [
        {
            "name": "nette/tester",
            "version": "v2.5.4",
            "source": {
                "type": "git",
                "url": "https://github.com/nette/tester.git",
                "reference": "c11863785779e87b40adebf150364f2e5938c111"
            },
            "dist": {
                "type": "zip",
                "url": "https://api.github.com/repos/nette/tester/zipball/c11863785779e87b40adebf150364f2e5938c111",
                "reference": "c11863785779e87b40adebf150364f2e5938c111",
                "shasum": ""
            },
            "require": {
                "php": "8.0 - 8.4"
            },
            "require-dev": {
                "ext-simplexml": "*",
                "phpstan/phpstan": "^1.0"
            },
            "bin": [
                "src/tester"
            ],
            "type": "library",
            "extra": {
                "branch-alias": {
                    "dev-master": "2.5-dev"
                }
            },
            "autoload": {
                "classmap": [
                    "src/"
                ]
            },
            "notification-url": "https://packagist.org/downloads/",
            "license": [
                "BSD-3-Clause",
                "GPL-2.0-only",
                "GPL-3.0-only"
            ],
            "authors": [
                {
                    "name": "David Grudl",
                    "homepage": "https://davidgrudl.com"
                },
                {
                    "name": "Miloslav Hůla",
                    "homepage": "https://github.com/milo"
                },
                {
                    "name": "Nette Community",
                    "homepage": "https://nette.org/contributors"
                }
            ],
            "description": "Nette Tester: enjoyable unit testing in PHP with code coverage reporter. 🍏🍏🍎🍏",
            "homepage": "https://tester.nette.org",
            "keywords": [
                "Xdebug",
                "assertions",
                "clover",
                "code coverage",
                "nette",
                "pcov",
                "phpdbg",
                "phpunit",
                "testing",
                "unit"
            ],
            "support": {
                "issues": "https://github.com/nette/tester/issues",
                "source": "https://github.com/nette/tester/tree/v2.5.4"
            },
            "time": "2024-10-23T23:57:10+00:00"
        },
        {
            "name": "phpstan/phpstan",
            "version": "2.1.12",
            "source": {
                "type": "git",
                "url": "https://github.com/phpstan/phpstan.git",
                "reference": "96dde49e967c0c22812bcfa7bda4ff82c09f3b0c"
            },
            "dist": {
                "type": "zip",
                "url": "https://api.github.com/repos/phpstan/phpstan/zipball/96dde49e967c0c22812bcfa7bda4ff82c09f3b0c",
                "reference": "96dde49e967c0c22812bcfa7bda4ff82c09f3b0c",
                "shasum": ""
            },
            "require": {
                "php": "^7.4|^8.0"
            },
            "conflict": {
                "phpstan/phpstan-shim": "*"
            },
            "bin": [
                "phpstan",
                "phpstan.phar"
            ],
            "type": "library",
            "autoload": {
                "files": [
                    "bootstrap.php"
                ]
            },
            "notification-url": "https://packagist.org/downloads/",
            "license": [
                "MIT"
            ],
            "description": "PHPStan - PHP Static Analysis Tool",
            "keywords": [
                "dev",
                "static analysis"
            ],
            "support": {
                "docs": "https://phpstan.org/user-guide/getting-started",
                "forum": "https://github.com/phpstan/phpstan/discussions",
                "issues": "https://github.com/phpstan/phpstan/issues",
                "security": "https://github.com/phpstan/phpstan/security/policy",
                "source": "https://github.com/phpstan/phpstan-src"
            },
            "funding": [
                {
                    "url": "https://github.com/ondrejmirtes",
                    "type": "github"
                },
                {
                    "url": "https://github.com/phpstan",
                    "type": "github"
                }
            ],
            "time": "2025-04-16T13:19:18+00:00"
        },
        {
            "name": "phpstan/phpstan-strict-rules",
            "version": "2.0.4",
            "source": {
                "type": "git",
                "url": "https://github.com/phpstan/phpstan-strict-rules.git",
                "reference": "3e139cbe67fafa3588e1dbe27ca50f31fdb6236a"
            },
            "dist": {
                "type": "zip",
                "url": "https://api.github.com/repos/phpstan/phpstan-strict-rules/zipball/3e139cbe67fafa3588e1dbe27ca50f31fdb6236a",
                "reference": "3e139cbe67fafa3588e1dbe27ca50f31fdb6236a",
                "shasum": ""
            },
            "require": {
                "php": "^7.4 || ^8.0",
                "phpstan/phpstan": "^2.0.4"
            },
            "require-dev": {
                "php-parallel-lint/php-parallel-lint": "^1.2",
                "phpstan/phpstan-deprecation-rules": "^2.0",
                "phpstan/phpstan-phpunit": "^2.0",
                "phpunit/phpunit": "^9.6"
            },
            "type": "phpstan-extension",
            "extra": {
                "phpstan": {
                    "includes": [
                        "rules.neon"
                    ]
                }
            },
            "autoload": {
                "psr-4": {
                    "PHPStan\\": "src/"
                }
            },
            "notification-url": "https://packagist.org/downloads/",
            "license": [
                "MIT"
            ],
            "description": "Extra strict and opinionated rules for PHPStan",
            "support": {
                "issues": "https://github.com/phpstan/phpstan-strict-rules/issues",
                "source": "https://github.com/phpstan/phpstan-strict-rules/tree/2.0.4"
            },
            "time": "2025-03-18T11:42:40+00:00"
        },
        {
            "name": "spaze/phpstan-disallowed-calls",
            "version": "v4.5.0",
            "source": {
                "type": "git",
                "url": "https://github.com/spaze/phpstan-disallowed-calls.git",
                "reference": "1c5e6996bd75a1460f5e2683fc4294665b37bee2"
            },
            "dist": {
                "type": "zip",
                "url": "https://api.github.com/repos/spaze/phpstan-disallowed-calls/zipball/1c5e6996bd75a1460f5e2683fc4294665b37bee2",
                "reference": "1c5e6996bd75a1460f5e2683fc4294665b37bee2",
                "shasum": ""
            },
            "require": {
                "php": "^7.4 || ^8.0",
                "phpstan/phpstan": "^1.12.6 || ^2.0"
            },
            "require-dev": {
                "nette/neon": "^3.3.1",
                "nikic/php-parser": "^4.13.2 || ^5.0",
                "php-parallel-lint/php-console-highlighter": "^1.0",
                "php-parallel-lint/php-parallel-lint": "^1.2",
                "phpstan/phpstan-deprecation-rules": "^1.2 || ^2.0",
                "phpunit/phpunit": "^8.5.14 || ^10.1 || ^11.0 || ^12.0",
                "spaze/coding-standard": "^1.8"
            },
            "type": "phpstan-extension",
            "extra": {
                "phpstan": {
                    "includes": [
                        "extension.neon"
                    ]
                }
            },
            "autoload": {
                "psr-4": {
                    "Spaze\\PHPStan\\Rules\\Disallowed\\": "src"
                }
            },
            "notification-url": "https://packagist.org/downloads/",
            "license": [
                "MIT"
            ],
            "authors": [
                {
                    "name": "Michal Špaček",
                    "email": "mail@michalspacek.cz",
                    "homepage": "https://www.michalspacek.cz"
                }
            ],
            "description": "PHPStan rules to detect disallowed method & function calls, constant, namespace, attribute & superglobal usages, with powerful rules to re-allow a call or a usage in places where it should be allowed.",
            "keywords": [
                "static analysis"
            ],
            "support": {
                "issues": "https://github.com/spaze/phpstan-disallowed-calls/issues",
                "source": "https://github.com/spaze/phpstan-disallowed-calls/tree/v4.5.0"
            },
            "funding": [
                {
                    "url": "https://github.com/spaze",
                    "type": "github"
                }
            ],
            "time": "2025-04-10T19:01:43+00:00"
        },
        {
            "name": "tracy/tracy",
            "version": "v2.10.9",
            "source": {
                "type": "git",
                "url": "https://github.com/nette/tracy.git",
                "reference": "e7af75205b184ca8895bc57fafd331f8d5022d26"
            },
            "dist": {
                "type": "zip",
                "url": "https://api.github.com/repos/nette/tracy/zipball/e7af75205b184ca8895bc57fafd331f8d5022d26",
                "reference": "e7af75205b184ca8895bc57fafd331f8d5022d26",
                "shasum": ""
            },
            "require": {
                "ext-json": "*",
                "ext-session": "*",
                "php": "8.0 - 8.4"
            },
            "conflict": {
                "nette/di": "<3.0"
            },
            "require-dev": {
                "latte/latte": "^2.5 || ^3.0",
                "nette/di": "^3.0",
                "nette/http": "^3.0",
                "nette/mail": "^3.0 || ^4.0",
                "nette/tester": "^2.2",
                "nette/utils": "^3.0 || ^4.0",
                "phpstan/phpstan": "^1.0",
                "psr/log": "^1.0 || ^2.0 || ^3.0"
            },
            "type": "library",
            "extra": {
                "branch-alias": {
                    "dev-master": "2.10-dev"
                }
            },
            "autoload": {
                "files": [
                    "src/Tracy/functions.php"
                ],
                "classmap": [
                    "src"
                ]
            },
            "notification-url": "https://packagist.org/downloads/",
            "license": [
                "BSD-3-Clause"
            ],
            "authors": [
                {
                    "name": "David Grudl",
                    "homepage": "https://davidgrudl.com"
                },
                {
                    "name": "Nette Community",
                    "homepage": "https://nette.org/contributors"
                }
            ],
            "description": "😎  Tracy: the addictive tool to ease debugging PHP code for cool developers. Friendly design, logging, profiler, advanced features like debugging AJAX calls or CLI support. You will love it.",
            "homepage": "https://tracy.nette.org",
            "keywords": [
                "Xdebug",
                "debug",
                "debugger",
                "nette",
                "profiler"
            ],
            "support": {
                "issues": "https://github.com/nette/tracy/issues",
                "source": "https://github.com/nette/tracy/tree/v2.10.9"
            },
            "time": "2024-11-07T14:48:00+00:00"
        }
    ],
    "aliases": [],
    "minimum-stability": "stable",
    "stability-flags": {},
    "prefer-stable": false,
    "prefer-lowest": false,
    "platform": {
        "php": "~8.3",
        "ext-pcre": "*"
    },
    "platform-dev": {},
    "plugin-api-version": "2.6.0"
}
